// !$*UTF8*$!
{
	archiveVersion = 1;
	classes = {
	};
	objectVersion = 46;
	objects = {

/* Begin PBXBuildFile section */
		C01E97341E9136D100067CFB /* AppDelegate.swift in Sources */ = {isa = PBXBuildFile; fileRef = C01E97331E9136D100067CFB /* AppDelegate.swift */; };
		C01E97361E9136D100067CFB /* ViewController.swift in Sources */ = {isa = PBXBuildFile; fileRef = C01E97351E9136D100067CFB /* ViewController.swift */; };
		C01E97391E9136D100067CFB /* Main.storyboard in Resources */ = {isa = PBXBuildFile; fileRef = C01E97371E9136D100067CFB /* Main.storyboard */; };
		C01E973B1E9136D100067CFB /* Assets.xcassets in Resources */ = {isa = PBXBuildFile; fileRef = C01E973A1E9136D100067CFB /* Assets.xcassets */; };
		C01E973E1E9136D100067CFB /* LaunchScreen.storyboard in Resources */ = {isa = PBXBuildFile; fileRef = C01E973C1E9136D100067CFB /* LaunchScreen.storyboard */; };
		C01E974E1E9136FA00067CFB /* duration.png in Resources */ = {isa = PBXBuildFile; fileRef = C01E97461E9136FA00067CFB /* duration.png */; };
		C01E974F1E9136FA00067CFB /* maxVolume.png in Resources */ = {isa = PBXBuildFile; fileRef = C01E97471E9136FA00067CFB /* maxVolume.png */; };
		C01E97501E9136FA00067CFB /* miniVolume.png in Resources */ = {isa = PBXBuildFile; fileRef = C01E97481E9136FA00067CFB /* miniVolume.png */; };
		C01E97511E9136FA00067CFB /* music.mp3 in Resources */ = {isa = PBXBuildFile; fileRef = C01E97491E9136FA00067CFB /* music.mp3 */; };
		C01E97521E9136FA00067CFB /* pause.png in Resources */ = {isa = PBXBuildFile; fileRef = C01E974A1E9136FA00067CFB /* pause.png */; };
		C01E97531E9136FA00067CFB /* play.png in Resources */ = {isa = PBXBuildFile; fileRef = C01E974B1E9136FA00067CFB /* play.png */; };
		C01E97541E9136FA00067CFB /* thumb.png in Resources */ = {isa = PBXBuildFile; fileRef = C01E974C1E9136FA00067CFB /* thumb.png */; };
		C01E97551E9136FA00067CFB /* thumbHightLight.png in Resources */ = {isa = PBXBuildFile; fileRef = C01E974D1E9136FA00067CFB /* thumbHightLight.png */; };
/* End PBXBuildFile section */

/* Begin PBXFileReference section */
		C01E97301E9136D100067CFB /* UI Slider LD.app */ = {isa = PBXFileReference; explicitFileType = wrapper.application; includeInIndex = 0; path = "UI Slider LD.app"; sourceTree = BUILT_PRODUCTS_DIR; };
		C01E97331E9136D100067CFB /* AppDelegate.swift */ = {isa = PBXFileReference; lastKnownFileType = sourcecode.swift; path = AppDelegate.swift; sourceTree = "<group>"; };
		C01E97351E9136D100067CFB /* ViewController.swift */ = {isa = PBXFileReference; lastKnownFileType = sourcecode.swift; path = ViewController.swift; sourceTree = "<group>"; };
		C01E97381E9136D100067CFB /* Base */ = {isa = PBXFileReference; lastKnownFileType = file.storyboard; name = Base; path = Base.lproj/Main.storyboard; sourceTree = "<group>"; };
		C01E973A1E9136D100067CFB /* Assets.xcassets */ = {isa = PBXFileReference; lastKnownFileType = folder.assetcatalog; path = Assets.xcassets; sourceTree = "<group>"; };
		C01E973D1E9136D100067CFB /* Base */ = {isa = PBXFileReference; lastKnownFileType = file.storyboard; name = Base; path = Base.lproj/LaunchScreen.storyboard; sourceTree = "<group>"; };
		C01E973F1E9136D100067CFB /* Info.plist */ = {isa = PBXFileReference; lastKnownFileType = text.plist.xml; path = Info.plist; sourceTree = "<group>"; };
		C01E97461E9136FA00067CFB /* duration.png */ = {isa = PBXFileReference; lastKnownFileType = image.png; path = duration.png; sourceTree = "<group>"; };
		C01E97471E9136FA00067CFB /* maxVolume.png */ = {isa = PBXFileReference; lastKnownFileType = image.png; path = maxVolume.png; sourceTree = "<group>"; };
		C01E97481E9136FA00067CFB /* miniVolume.png */ = {isa = PBXFileReference; lastKnownFileType = image.png; path = miniVolume.png; sourceTree = "<group>"; };
		C01E97491E9136FA00067CFB /* music.mp3 */ = {isa = PBXFileReference; lastKnownFileType = audio.mp3; path = music.mp3; sourceTree = "<group>"; };
		C01E974A1E9136FA00067CFB /* pause.png */ = {isa = PBXFileReference; lastKnownFileType = image.png; path = pause.png; sourceTree = "<group>"; };
		C01E974B1E9136FA00067CFB /* play.png */ = {isa = PBXFileReference; lastKnownFileType = image.png; path = play.png; sourceTree = "<group>"; };
		C01E974C1E9136FA00067CFB /* thumb.png */ = {isa = PBXFileReference; lastKnownFileType = image.png; path = thumb.png; sourceTree = "<group>"; };
		C01E974D1E9136FA00067CFB /* thumbHightLight.png */ = {isa = PBXFileReference; lastKnownFileType = image.png; path = thumbHightLight.png; sourceTree = "<group>"; };
/* End PBXFileReference section */

/* Begin PBXFrameworksBuildPhase section */
		C01E972D1E9136D100067CFB /* Frameworks */ = {
			isa = PBXFrameworksBuildPhase;
			buildActionMask = 2147483647;
			files = (
			);
			runOnlyForDeploymentPostprocessing = 0;
		};
/* End PBXFrameworksBuildPhase section */

/* Begin PBXGroup section */
		C01E97271E9136D100067CFB = {
			isa = PBXGroup;
			children = (
				C01E97321E9136D100067CFB /* UI Slider LD */,
				C01E97311E9136D100067CFB /* Products */,
			);
			sourceTree = "<group>";
		};
		C01E97311E9136D100067CFB /* Products */ = {
			isa = PBXGroup;
			children = (
				C01E97301E9136D100067CFB /* UI Slider LD.app */,
			);
			name = Products;
			sourceTree = "<group>";
		};
		C01E97321E9136D100067CFB /* UI Slider LD */ = {
			isa = PBXGroup;
			children = (
				C01E97451E9136D900067CFB /* Resource */,
				C01E97331E9136D100067CFB /* AppDelegate.swift */,
				C01E97351E9136D100067CFB /* ViewController.swift */,
				C01E97371E9136D100067CFB /* Main.storyboard */,
				C01E973A1E9136D100067CFB /* Assets.xcassets */,
				C01E973C1E9136D100067CFB /* LaunchScreen.storyboard */,
				C01E973F1E9136D100067CFB /* Info.plist */,
			);
			path = "UI Slider LD";
			sourceTree = "<group>";
		};
		C01E97451E9136D900067CFB /* Resource */ = {
			isa = PBXGroup;
			children = (
				C01E97461E9136FA00067CFB /* duration.png */,
				C01E97471E9136FA00067CFB /* maxVolume.png */,
				C01E97481E9136FA00067CFB /* miniVolume.png */,
				C01E97491E9136FA00067CFB /* music.mp3 */,
				C01E974A1E9136FA00067CFB /* pause.png */,
				C01E974B1E9136FA00067CFB /* play.png */,
				C01E974C1E9136FA00067CFB /* thumb.png */,
				C01E974D1E9136FA00067CFB /* thumbHightLight.png */,
			);
			name = Resource;
			sourceTree = "<group>";
		};
/* End PBXGroup section */

/* Begin PBXNativeTarget section */
		C01E972F1E9136D100067CFB /* UI Slider LD */ = {
			isa = PBXNativeTarget;
			buildConfigurationList = C01E97421E9136D100067CFB /* Build configuration list for PBXNativeTarget "UI Slider LD" */;
			buildPhases = (
				C01E972C1E9136D100067CFB /* Sources */,
				C01E972D1E9136D100067CFB /* Frameworks */,
				C01E972E1E9136D100067CFB /* Resources */,
			);
			buildRules = (
			);
			dependencies = (
			);
			name = "UI Slider LD";
			productName = "UI Slider LD";
			productReference = C01E97301E9136D100067CFB /* UI Slider LD.app */;
			productType = "com.apple.product-type.application";
		};
/* End PBXNativeTarget section */

/* Begin PBXProject section */
		C01E97281E9136D100067CFB /* Project object */ = {
			isa = PBXProject;
			attributes = {
				LastSwiftUpdateCheck = 0830;
				LastUpgradeCheck = 0830;
				ORGANIZATIONNAME = "Shali Design";
				TargetAttributes = {
					C01E972F1E9136D100067CFB = {
						CreatedOnToolsVersion = 8.3;
						DevelopmentTeam = 8PDFB4R42Y;
						ProvisioningStyle = Automatic;
					};
				};
			};
			buildConfigurationList = C01E972B1E9136D100067CFB /* Build configuration list for PBXProject "UI Slider LD" */;
			compatibilityVersion = "Xcode 3.2";
			developmentRegion = English;
			hasScannedForEncodings = 0;
			knownRegions = (
				en,
				Base,
			);
			mainGroup = C01E97271E9136D100067CFB;
			productRefGroup = C01E97311E9136D100067CFB /* Products */;
			projectDirPath = "";
			projectRoot = "";
			targets = (
				C01E972F1E9136D100067CFB /* UI Slider LD */,
			);
		};
/* End PBXProject section */

/* Begin PBXResourcesBuildPhase section */
		C01E972E1E9136D100067CFB /* Resources */ = {
			isa = PBXResourcesBuildPhase;
			buildActionMask = 2147483647;
			files = (
				C01E97541E9136FA00067CFB /* thumb.png in Resources */,
				C01E973E1E9136D100067CFB /* LaunchScreen.storyboard in Resources */,
				C01E974E1E9136FA00067CFB /* duration.png in Resources */,
				C01E97531E9136FA00067CFB /* play.png in Resources */,
				C01E97521E9136FA00067CFB /* pause.png in Resources */,
				C01E97501E9136FA00067CFB /* miniVolume.png in Resources */,
				C01E97551E9136FA00067CFB /* thumbHightLight.png in Resources */,
				C01E974F1E9136FA00067CFB /* maxVolume.png in Resources */,
				C01E973B1E9136D100067CFB /* Assets.xcassets in Resources */,
				C01E97511E9136FA00067CFB /* music.mp3 in Resources */,
				C01E97391E9136D100067CFB /* Main.storyboard in Resources */,
			);
			runOnlyForDeploymentPostprocessing = 0;
		};
/* End PBXResourcesBuildPhase section */

/* Begin PBXSourcesBuildPhase section */
		C01E972C1E9136D100067CFB /* Sources */ = {
			isa = PBXSourcesBuildPhase;
			buildActionMask = 2147483647;
			files = (
				C01E97361E9136D100067CFB /* ViewController.swift in Sources */,
				C01E97341E9136D100067CFB /* AppDelegate.swift in Sources */,
			);
			runOnlyForDeploymentPostprocessing = 0;
		};
/* End PBXSourcesBuildPhase section */

/* Begin PBXVariantGroup section */
		C01E97371E9136D100067CFB /* Main.storyboard */ = {
			isa = PBXVariantGroup;
			children = (
				C01E97381E9136D100067CFB /* Base */,
			);
			name = Main.storyboard;
			sourceTree = "<group>";
		};
		C01E973C1E9136D100067CFB /* LaunchScreen.storyboard */ = {
			isa = PBXVariantGroup;
			children = (
				C01E973D1E9136D100067CFB /* Base */,
			);
			name = LaunchScreen.storyboard;
			sourceTree = "<group>";
		};
/* End PBXVariantGroup section */

/* Begin XCBuildConfiguration section */
		C01E97401E9136D100067CFB /* Debug */ = {
			isa = XCBuildConfiguration;
			buildSettings = {
				ALWAYS_SEARCH_USER_PATHS = NO;
				CLANG_ANALYZER_NONNULL = YES;
				CLANG_ANALYZER_NUMBER_OBJECT_CONVERSION = YES_AGGRESSIVE;
				CLANG_CXX_LANGUAGE_STANDARD = "gnu++0x";
				CLANG_CXX_LIBRARY = "libc++";
				CLANG_ENABLE_MODULES = YES;
				CLANG_ENABLE_OBJC_ARC = YES;
				CLANG_WARN_BOOL_CONVERSION = YES;
				CLANG_WARN_CONSTANT_CONVERSION = YES;
				CLANG_WARN_DIRECT_OBJC_ISA_USAGE = YES_ERROR;
				CLANG_WARN_DOCUMENTATION_COMMENTS = YES;
				CLANG_WARN_EMPTY_BODY = YES;
				CLANG_WARN_ENUM_CONVERSION = YES;
				CLANG_WARN_INFINITE_RECURSION = YES;
				CLANG_WARN_INT_CONVERSION = YES;
				CLANG_WARN_OBJC_ROOT_CLASS = YES_ERROR;
				CLANG_WARN_SUSPICIOUS_MOVE = YES;
				CLANG_WARN_UNREACHABLE_CODE = YES;
				CLANG_WARN__DUPLICATE_METHOD_MATCH = YES;
				"CODE_SIGN_IDENTITY[sdk=iphoneos*]" = "iPhone Developer";
				COPY_PHASE_STRIP = NO;
				DEBUG_INFORMATION_FORMAT = dwarf;
				ENABLE_STRICT_OBJC_MSGSEND = YES;
				ENABLE_TESTABILITY = YES;
				GCC_C_LANGUAGE_STANDARD = gnu99;
				GCC_DYNAMIC_NO_PIC = NO;
				GCC_NO_COMMON_BLOCKS = YES;
				GCC_OPTIMIZATION_LEVEL = 0;
				GCC_PREPROCESSOR_DEFINITIONS = (
					"DEBUG=1",
					"$(inherited)",
				);
				GCC_WARN_64_TO_32_BIT_CONVERSION = YES;
				GCC_WARN_ABOUT_RETURN_TYPE = YES_ERROR;
				GCC_WARN_UNDECLARED_SELECTOR = YES;
				GCC_WARN_UNINITIALIZED_AUTOS = YES_AGGRESSIVE;
				GCC_WARN_UNUSED_FUNCTION = YES;
				GCC_WARN_UNUSED_VARIABLE = YES;
				IPHONEOS_DEPLOYMENT_TARGET = 10.3;
				MTL_ENABLE_DEBUG_INFO = YES;
				ONLY_ACTIVE_ARCH = YES;
				SDKROOT = iphoneos;
				SWIFT_ACTIVE_COMPILATION_CONDITIONS = DEBUG;
				SWIFT_OPTIMIZATION_LEVEL = "-Onone";
				TARGETED_DEVICE_FAMILY = "1,2";
			};
			name = Debug;
		};
		C01E97411E9136D100067CFB /* Release */ = {
			isa = XCBuildConfiguration;
			buildSettings = {
				ALWAYS_SEARCH_USER_PATHS = NO;
				CLANG_ANALYZER_NONNULL = YES;
				CLANG_ANALYZER_NUMBER_OBJECT_CONVERSION = YES_AGGRESSIVE;
				CLANG_CXX_LANGUAGE_STANDARD = "gnu++0x";
				CLANG_CXX_LIBRARY = "libc++";
				CLANG_ENABLE_MODULES = YES;
				CLANG_ENABLE_OBJC_ARC = YES;
				CLANG_WARN_BOOL_CONVERSION = YES;
				CLANG_WARN_CONSTANT_CONVERSION = YES;
				CLANG_WARN_DIRECT_OBJC_ISA_USAGE = YES_ERROR;
				CLANG_WARN_DOCUMENTATION_COMMENTS = YES;
				CLANG_WARN_EMPTY_BODY = YES;
				CLANG_WARN_ENUM_CONVERSION = YES;
				CLANG_WARN_INFINITE_RECURSION = YES;
				CLANG_WARN_INT_CONVERSION = YES;
				CLANG_WARN_OBJC_ROOT_CLASS = YES_ERROR;
				CLANG_WARN_SUSPICIOUS_MOVE = YES;
				CLANG_WARN_UNREACHABLE_CODE = YES;
				CLANG_WARN__DUPLICATE_METHOD_MATCH = YES;
				"CODE_SIGN_IDENTITY[sdk=iphoneos*]" = "iPhone Developer";
				COPY_PHASE_STRIP = NO;
				DEBUG_INFORMATION_FORMAT = "dwarf-with-dsym";
				ENABLE_NS_ASSERTIONS = NO;
				ENABLE_STRICT_OBJC_MSGSEND = YES;
				GCC_C_LANGUAGE_STANDARD = gnu99;
				GCC_NO_COMMON_BLOCKS = YES;
				GCC_WARN_64_TO_32_BIT_CONVERSION = YES;
				GCC_WARN_ABOUT_RETURN_TYPE = YES_ERROR;
				GCC_WARN_UNDECLARED_SELECTOR = YES;
				GCC_WARN_UNINITIALIZED_AUTOS = YES_AGGRESSIVE;
				GCC_WARN_UNUSED_FUNCTION = YES;
				GCC_WARN_UNUSED_VARIABLE = YES;
				IPHONEOS_DEPLOYMENT_TARGET = 10.3;
				MTL_ENABLE_DEBUG_INFO = NO;
				SDKROOT = iphoneos;
				SWIFT_OPTIMIZATION_LEVEL = "-Owholemodule";
				TARGETED_DEVICE_FAMILY = "1,2";
				VALIDATE_PRODUCT = YES;
			};
			name = Release;
		};
		C01E97431E9136D100067CFB /* Debug */ = {
			isa = XCBuildConfiguration;
			buildSettings = {
				ASSETCATALOG_COMPILER_APPICON_NAME = AppIcon;
				DEVELOPMENT_TEAM = 8PDFB4R42Y;
				INFOPLIST_FILE = "UI Slider LD/Info.plist";
				LD_RUNPATH_SEARCH_PATHS = "$(inherited) @executable_path/Frameworks";
				PRODUCT_BUNDLE_IDENTIFIER = "com.webs.shali-design.UI-Slider-LD";
				PRODUCT_NAME = "$(TARGET_NAME)";
				SWIFT_VERSION = 3.0;
			};
			name = Debug;
		};
		C01E97441E9136D100067CFB /* Release */ = {
			isa = XCBuildConfiguration;
			buildSettings = {
				ASSETCATALOG_COMPILER_APPICON_NAME = AppIcon;
				DEVELOPMENT_TEAM = 8PDFB4R42Y;
				INFOPLIST_FILE = "UI Slider LD/Info.plist";
				LD_RUNPATH_SEARCH_PATHS = "$(inherited) @executable_path/Frameworks";
				PRODUCT_BUNDLE_IDENTIFIER = "com.webs.shali-design.UI-Slider-LD";
				PRODUCT_NAME = "$(TARGET_NAME)";
				SWIFT_VERSION = 3.0;
			};
			name = Release;
		};
/* End XCBuildConfiguration section */

/* Begin XCConfigurationList section */
		C01E972B1E9136D100067CFB /* Build configuration list for PBXProject "UI Slider LD" */ = {
			isa = XCConfigurationList;
			buildConfigurations = (
				C01E97401E9136D100067CFB /* Debug */,
				C01E97411E9136D100067CFB /* Release */,
			);
			defaultConfigurationIsVisible = 0;
			defaultConfigurationName = Release;
		};
		C01E97421E9136D100067CFB /* Build configuration list for PBXNativeTarget "UI Slider LD" */ = {
			isa = XCConfigurationList;
			buildConfigurations = (
				C01E97431E9136D100067CFB /* Debug */,
				C01E97441E9136D100067CFB /* Release */,
			);
			defaultConfigurationIsVisible = 0;
		};
/* End XCConfigurationList section */
	};
	rootObject = C01E97281E9136D100067CFB /* Project object */;
}
